
Microsoft Visual Studio Solution File, Format Version 12.00
# Visual Studio Version 17
VisualStudioVersion = 17.4.33122.133
MinimumVisualStudioVersion = 10.0.40219.1
Project("{FAE04EC0-301F-11D3-BF4B-00C04F79EFBC}") = "ConsoleApp3", "ConsoleApp3\ConsoleApp3.csproj", "{ACF568A5-7AC3-4FC9-9065-F9B700F86851}"
EndProject
Global
	GlobalSection(SolutionConfigurationPlatforms) = preSolution
		Debug|Any CPU = Debug|Any CPU
		Release|Any CPU = Release|Any CPU
	EndGlobalSection
	GlobalSection(ProjectConfigurationPlatforms) = postSolution
		{ACF568A5-7AC3-4FC9-9065-F9B700F86851}.Debug|Any CPU.ActiveCfg = Debug|Any CPU
		{ACF568A5-7AC3-4FC9-9065-F9B700F86851}.Debug|Any CPU.Build.0 = Debug|Any CPU
		{ACF568A5-7AC3-4FC9-9065-F9B700F86851}.Release|Any CPU.ActiveCfg = Release|Any CPU
		{ACF568A5-7AC3-4FC9-9065-F9B700F86851}.Release|Any CPU.Build.0 = Release|Any CPU
	EndGlobalSection
	GlobalSection(SolutionProperties) = preSolution
		HideSolutionNode = FALSE
	EndGlobalSection
	GlobalSection(ExtensibilityGlobals) = postSolution
		SolutionGuid = {839B80BE-EE18-4EF9-86C9-A1121C4FE4E0}
	EndGlobalSection
EndGlobal
